
Microsoft Visual Studio Solution File, Format Version 12.00
# Visual Studio Version 16
VisualStudioVersion = 16.0.32002.261
MinimumVisualStudioVersion = 10.0.40219.1
Project("{FAE04EC0-301F-11D3-BF4B-00C04F79EFBC}") = "WebQuanLyBanHang", "WebQuanLyBanHang\WebQuanLyBanHang.csproj", "{C9FB1E81-9353-4C1A-A15F-A6C5CD6651DE}"
EndProject
Project("{FAE04EC0-301F-11D3-BF4B-00C04F79EFBC}") = "Model", "Model\Model.csproj", "{F2031DFA-F6D9-4BDC-A9A3-700162D6BED7}"
EndProject
Global
	GlobalSection(SolutionConfigurationPlatforms) = preSolution
		Debug|Any CPU = Debug|Any CPU
		Release|Any CPU = Release|Any CPU
	EndGlobalSection
	GlobalSection(ProjectConfigurationPlatforms) = postSolution
		{C9FB1E81-9353-4C1A-A15F-A6C5CD6651DE}.Debug|Any CPU.ActiveCfg = Debug|Any CPU
		{C9FB1E81-9353-4C1A-A15F-A6C5CD6651DE}.Debug|Any CPU.Build.0 = Debug|Any CPU
		{C9FB1E81-9353-4C1A-A15F-A6C5CD6651DE}.Release|Any CPU.ActiveCfg = Release|Any CPU
		{C9FB1E81-9353-4C1A-A15F-A6C5CD6651DE}.Release|Any CPU.Build.0 = Release|Any CPU
		{F2031DFA-F6D9-4BDC-A9A3-700162D6BED7}.Debug|Any CPU.ActiveCfg = Debug|Any CPU
		{F2031DFA-F6D9-4BDC-A9A3-700162D6BED7}.Debug|Any CPU.Build.0 = Debug|Any CPU
		{F2031DFA-F6D9-4BDC-A9A3-700162D6BED7}.Release|Any CPU.ActiveCfg = Release|Any CPU
		{F2031DFA-F6D9-4BDC-A9A3-700162D6BED7}.Release|Any CPU.Build.0 = Release|Any CPU
	EndGlobalSection
	GlobalSection(SolutionProperties) = preSolution
		HideSolutionNode = FALSE
	EndGlobalSection
	GlobalSection(ExtensibilityGlobals) = postSolution
		SolutionGuid = {4A4C1DC4-B3C1-431C-A6ED-FBABFF04DE93}
	EndGlobalSection
EndGlobal
